PODS:
  - SSZipArchive (2.2.3)

DEPENDENCIES:
  - SSZipArchive (from `https://github.com/ddaddy/ZipArchive.git`, branch `master`)

EXTERNAL SOURCES:
  SSZipArchive:
    :branch: master
    :git: https://github.com/ddaddy/ZipArchive.git

CHECKOUT OPTIONS:
  SSZipArchive:
    :commit: b62f82a983800704babbbc7423f6250abf9de32c
    :git: https://github.com/ddaddy/ZipArchive.git

SPEC CHECKSUMS:
  SSZipArchive: 7b3893d9515ad5386c83670dc7d9b1f1cf5a53dd

PODFILE CHECKSUM: a550e713400ba26b2506812f9e1ee93d5c41d97e

COCOAPODS: 1.9.3
